
Microsoft Visual Studio Solution File, Format Version 12.00
# Visual Studio Version 17
VisualStudioVersion = 17.3.32929.385
MinimumVisualStudioVersion = 10.0.40219.1
Project("{FAE04EC0-301F-11D3-BF4B-00C04F79EFBC}") = "ChangeCursor", "ChangeCursor\ChangeCursor.csproj", "{ED4F4C7B-E432-4A08-898C-33D368D225F0}"
EndProject
Global
	GlobalSection(SolutionConfigurationPlatforms) = preSolution
		Debug|Any CPU = Debug|Any CPU
		Release|Any CPU = Release|Any CPU
	EndGlobalSection
	GlobalSection(ProjectConfigurationPlatforms) = postSolution
		{ED4F4C7B-E432-4A08-898C-33D368D225F0}.Debug|Any CPU.ActiveCfg = Debug|Any CPU
		{ED4F4C7B-E432-4A08-898C-33D368D225F0}.Debug|Any CPU.Build.0 = Debug|Any CPU
		{ED4F4C7B-E432-4A08-898C-33D368D225F0}.Release|Any CPU.ActiveCfg = Release|Any CPU
		{ED4F4C7B-E432-4A08-898C-33D368D225F0}.Release|Any CPU.Build.0 = Release|Any CPU
	EndGlobalSection
	GlobalSection(SolutionProperties) = preSolution
		HideSolutionNode = FALSE
	EndGlobalSection
	GlobalSection(ExtensibilityGlobals) = postSolution
		SolutionGuid = {CF006717-A597-4EC0-B68D-55CAA4F844A6}
	EndGlobalSection
EndGlobal
